github.com/aquasecurity/tracee v0.4.0 h1:fOfgeHWgjHSNK7vokaANNXOFljK9KOYSYriTxCfvMEU=
github.com/aquasecurity/tracee/libbpfgo v0.0.0-20210204155428-0e61c188eb0b h1:KfjLxlXFVCRx0UDYzzTV7Tt80mEkfVmwl+F7SzfII30=
github.com/aquasecurity/tracee/libbpfgo v0.0.0-20210204155428-0e61c188eb0b/go.mod h1:Ldem7RTRbX6bdTDxU2eYYvo7pPWYQbbc6rdGv0Ilyts=
